<?xml version="1.0" encoding="utf-8"?>
<Project ToolsVersion="4.0" xmlns="http://schemas.microsoft.com/developer/msbuild/2003">
  <ItemGroup>
    <ClInclude Include="BackGround.h" />
    <ClInclude Include="ContentsEnums.h" />
    <ClInclude Include="Map.h" />
    <ClInclude Include="Monster.h" />
    <ClInclude Include="Player.h" />
    <ClInclude Include="PlayLevel.h" />
    <ClInclude Include="StudyGameCore.h" />
    <ClInclude Include="TitleLevel.h">
      <Filter>Title</Filter>
    </ClInclude>
    <ClInclude Include="TitleBack.h">
      <Filter>Title</Filter>
    </ClInclude>
    <ClInclude Include="MapCover.h" />
    <ClInclude Include="Bomb.h" />
  </ItemGroup>
  <ItemGroup>
    <ClCompile Include="Map.cpp" />
    <ClCompile Include="Monster.cpp" />
    <ClCompile Include="Player.cpp" />
    <ClCompile Include="Player_State.cpp" />
    <ClCompile Include="PlayLevel.cpp" />
    <ClCompile Include="StudyGameCore.cpp" />
    <ClCompile Include="BackGround.cpp" />
    <ClCompile Include="TitleBack.cpp">
      <Filter>Title</Filter>
    </ClCompile>
    <ClCompile Include="TitleLevel.cpp">
      <Filter>Title</Filter>
    </ClCompile>
    <ClCompile Include="MapCover.cpp" />
    <ClCompile Include="Bomb.cpp" />
  </ItemGroup>
  <ItemGroup>
    <Filter Include="Title">
      <UniqueIdentifier>{b8994743-99c3-46d8-96bf-a2b41e0de11f}</UniqueIdentifier>
    </Filter>
  </ItemGroup>
</Project>