<?xml version="1.0" encoding="utf-8"?>
<Project ToolsVersion="4.0" xmlns="http://schemas.microsoft.com/developer/msbuild/2003">
  <ItemGroup>
    <ClInclude Include="BackGround.h" />
    <ClInclude Include="ContentsEnums.h" />
    <ClInclude Include="Map.h" />
    <ClInclude Include="Monster.h" />
    <ClInclude Include="Player.h" />
    <ClInclude Include="PlayLevel.h" />
    <ClInclude Include="StudyGameCore.h" />
    <ClInclude Include="TitleBack.h" />
    <ClInclude Include="TitleLevel.h" />
  </ItemGroup>
  <ItemGroup>
    <ClCompile Include="Map.cpp" />
    <ClCompile Include="Monster.cpp" />
    <ClCompile Include="Player.cpp" />
    <ClCompile Include="Player_State.cpp" />
    <ClCompile Include="PlayLevel.cpp" />
    <ClCompile Include="StudyGameCore.cpp" />
    <ClCompile Include="TitleBack.cpp" />
    <ClCompile Include="TitleLevel.cpp" />
    <ClCompile Include="BackGround.cpp" />
  </ItemGroup>
</Project>