<?xml version="1.0" encoding="utf-8"?>
<Project ToolsVersion="4.0" xmlns="http://schemas.microsoft.com/developer/msbuild/2003">
  <ItemGroup>
    <ClCompile Include="GameEngineTime.cpp" />
    <ClCompile Include="GameEngineDebug.cpp">
      <Filter>Debug</Filter>
    </ClCompile>
    <ClCompile Include="GameEngineDirectory.cpp">
      <Filter>IO%28File%29</Filter>
    </ClCompile>
    <ClCompile Include="GameEngineFile.cpp">
      <Filter>IO%28File%29</Filter>
    </ClCompile>
    <ClCompile Include="GameEnginePath.cpp">
      <Filter>IO%28File%29</Filter>
    </ClCompile>
    <ClCompile Include="GameEngineMath.cpp">
      <Filter>Math</Filter>
    </ClCompile>
    <ClCompile Include="GameEngineString.cpp">
      <Filter>String</Filter>
    </ClCompile>
  </ItemGroup>
  <ItemGroup>
    <ClInclude Include="GameEngineTime.h" />
    <ClInclude Include="GameEngineDebug.h">
      <Filter>Debug</Filter>
    </ClInclude>
    <ClInclude Include="GameEngineDirectory.h">
      <Filter>IO%28File%29</Filter>
    </ClInclude>
    <ClInclude Include="GameEngineFile.h">
      <Filter>IO%28File%29</Filter>
    </ClInclude>
    <ClInclude Include="GameEnginePath.h">
      <Filter>IO%28File%29</Filter>
    </ClInclude>
    <ClInclude Include="GameEngineMath.h">
      <Filter>Math</Filter>
    </ClInclude>
    <ClInclude Include="GameEngineString.h">
      <Filter>String</Filter>
    </ClInclude>
  </ItemGroup>
  <ItemGroup>
    <Filter Include="Debug">
      <UniqueIdentifier>{f40f9221-af03-405d-8188-a399f4844e7a}</UniqueIdentifier>
    </Filter>
    <Filter Include="IO%28File%29">
      <UniqueIdentifier>{baeba6b4-cb1f-4b4e-82b3-f9fb7cce18cc}</UniqueIdentifier>
    </Filter>
    <Filter Include="Math">
      <UniqueIdentifier>{265a38aa-63f2-412f-8b34-c55165eecc21}</UniqueIdentifier>
    </Filter>
    <Filter Include="String">
      <UniqueIdentifier>{99be8d4b-efc9-4f6e-ba3b-99e870241e48}</UniqueIdentifier>
    </Filter>
  </ItemGroup>
</Project>